
Microsoft Visual Studio Solution File, Format Version 12.00
# Visual Studio Version 16
VisualStudioVersion = 16.0.28803.156
MinimumVisualStudioVersion = 10.0.40219.1
Project("{FAE04EC0-301F-11D3-BF4B-00C04F79EFBC}") = "FuncHttp", "FuncHttp\FuncHttp.csproj", "{954FE200-22E3-47DD-8BD7-0AA7DDC6497D}"
EndProject
Global
	GlobalSection(SolutionConfigurationPlatforms) = preSolution
		Debug|Any CPU = Debug|Any CPU
		Release|Any CPU = Release|Any CPU
	EndGlobalSection
	GlobalSection(ProjectConfigurationPlatforms) = postSolution
		{954FE200-22E3-47DD-8BD7-0AA7DDC6497D}.Debug|Any CPU.ActiveCfg = Debug|Any CPU
		{954FE200-22E3-47DD-8BD7-0AA7DDC6497D}.Debug|Any CPU.Build.0 = Debug|Any CPU
		{954FE200-22E3-47DD-8BD7-0AA7DDC6497D}.Release|Any CPU.ActiveCfg = Release|Any CPU
		{954FE200-22E3-47DD-8BD7-0AA7DDC6497D}.Release|Any CPU.Build.0 = Release|Any CPU
	EndGlobalSection
	GlobalSection(SolutionProperties) = preSolution
		HideSolutionNode = FALSE
	EndGlobalSection
	GlobalSection(ExtensibilityGlobals) = postSolution
		SolutionGuid = {1DCA8BDF-A45E-4C97-9839-0659E4D92DC3}
	EndGlobalSection
EndGlobal
